
Microsoft Visual Studio Solution File, Format Version 12.00
# Visual Studio Version 17
VisualStudioVersion = 17.10.34916.146
MinimumVisualStudioVersion = 10.0.40219.1
Project("{FAE04EC0-301F-11D3-BF4B-00C04F79EFBC}") = "MyFirstConsoleApp", "MyFirstConsoleApp\MyFirstConsoleApp.csproj", "{1C30E051-3282-4E33-944F-23E218E4185B}"
EndProject
Global
	GlobalSection(SolutionConfigurationPlatforms) = preSolution
		Debug|Any CPU = Debug|Any CPU
		Release|Any CPU = Release|Any CPU
	EndGlobalSection
	GlobalSection(ProjectConfigurationPlatforms) = postSolution
		{1C30E051-3282-4E33-944F-23E218E4185B}.Debug|Any CPU.ActiveCfg = Debug|Any CPU
		{1C30E051-3282-4E33-944F-23E218E4185B}.Debug|Any CPU.Build.0 = Debug|Any CPU
		{1C30E051-3282-4E33-944F-23E218E4185B}.Release|Any CPU.ActiveCfg = Release|Any CPU
		{1C30E051-3282-4E33-944F-23E218E4185B}.Release|Any CPU.Build.0 = Release|Any CPU
	EndGlobalSection
	GlobalSection(SolutionProperties) = preSolution
		HideSolutionNode = FALSE
	EndGlobalSection
	GlobalSection(ExtensibilityGlobals) = postSolution
		SolutionGuid = {FE25CD39-C954-4725-BEB0-EE69E1ECEBFF}
	EndGlobalSection
EndGlobal
